
Microsoft Visual Studio Solution File, Format Version 12.00
# Visual Studio Version 17
VisualStudioVersion = 17.7.34024.191
MinimumVisualStudioVersion = 10.0.40219.1
Project("{2150E333-8FDC-42A3-9474-1A3956D46DE8}") = "Task0", "Task0", "{6CEED7E0-9E2C-4D1D-845B-792D213398F6}"
EndProject
Project("{FAE04EC0-301F-11D3-BF4B-00C04F79EFBC}") = "Tyuiu.KropchevSR.Sprint5.Task0.V8", "Tyuiu.KropchevSR.Sprint5.Task0.V8\Tyuiu.KropchevSR.Sprint5.Task0.V8.csproj", "{5757F8AA-3A2D-44D0-9DB8-3C8AB5E9933F}"
EndProject
Project("{FAE04EC0-301F-11D3-BF4B-00C04F79EFBC}") = "Tyuiu.KropchevSR.Sprint5.Task0.V8.Lib", "Tyuiu.KropchevSR.Sprint5.Task0.V8.Lib\Tyuiu.KropchevSR.Sprint5.Task0.V8.Lib.csproj", "{8D07CBDF-C777-4969-8C6C-27AC265EBF2F}"
EndProject
Project("{FAE04EC0-301F-11D3-BF4B-00C04F79EFBC}") = "Tyuiu.KropchevSR.Sprint5.Task0.V8.Test", "Tyuiu.KropchevSR.Sprint5.Task0.V8.Test\Tyuiu.KropchevSR.Sprint5.Task0.V8.Test.csproj", "{9DE9A89C-FB0B-4D9D-A695-6D063927844C}"
EndProject
Project("{2150E333-8FDC-42A3-9474-1A3956D46DE8}") = "Task1", "Task1", "{D5AD5F11-7D94-4FF9-8C42-2FB7609FB868}"
EndProject
Project("{FAE04EC0-301F-11D3-BF4B-00C04F79EFBC}") = "Tyuiu.KropchevSR.Sprint5.Task1.V8", "Tyuiu.KropchevSR.Sprint5.Task1.V8\Tyuiu.KropchevSR.Sprint5.Task1.V8.csproj", "{4CA1495A-4C15-427B-9900-1B6A27A71854}"
EndProject
Project("{FAE04EC0-301F-11D3-BF4B-00C04F79EFBC}") = "Tyuiu.KropchevSR.Sprint5.Task1.V8.Lib", "Tyuiu.KropchevSR.Sprint5.Task1.V8.Lib\Tyuiu.KropchevSR.Sprint5.Task1.V8.Lib.csproj", "{F26DFD0F-8E32-4077-9E32-605FD05EE6D0}"
EndProject
Project("{FAE04EC0-301F-11D3-BF4B-00C04F79EFBC}") = "Tyuiu.KropchevSR.Sprint5.Task1.V8.Test", "Tyuiu.KropchevSR.Sprint5.Task1.V8.Test\Tyuiu.KropchevSR.Sprint5.Task1.V8.Test.csproj", "{BB84E5F3-E997-4BF4-B18C-A0B33192D439}"
EndProject
Project("{2150E333-8FDC-42A3-9474-1A3956D46DE8}") = "Task2", "Task2", "{39DF14C8-F71C-470D-AD9A-AA10C8D4BA0E}"
EndProject
Project("{FAE04EC0-301F-11D3-BF4B-00C04F79EFBC}") = "Tyuiu.KropchevSR.Sprint5.Task2.V14", "Tyuiu.KropchevSR.Sprint5.Task2.V14\Tyuiu.KropchevSR.Sprint5.Task2.V14.csproj", "{D3B55338-77EE-4865-A671-5F864A7F826B}"
EndProject
Project("{FAE04EC0-301F-11D3-BF4B-00C04F79EFBC}") = "Tyuiu.KropchevSR.Sprint5.Task2.V14.Lib", "Tyuiu.KropchevSR.Sprint5.Task2.V14.Lib\Tyuiu.KropchevSR.Sprint5.Task2.V14.Lib.csproj", "{F5728F8B-6D25-449F-8023-FE0E3AA64696}"
EndProject
Project("{FAE04EC0-301F-11D3-BF4B-00C04F79EFBC}") = "Tyuiu.KropchevSR.Sprint5.Task2.V14.Test", "Tyuiu.KropchevSR.Sprint5.Task2.V14.Test\Tyuiu.KropchevSR.Sprint5.Task2.V14.Test.csproj", "{015E76B2-6E2B-4F2D-984C-AF509E29DC2A}"
EndProject
Project("{2150E333-8FDC-42A3-9474-1A3956D46DE8}") = "Task3", "Task3", "{63625011-A983-4F88-9EC8-BCE44E2B5491}"
EndProject
Project("{FAE04EC0-301F-11D3-BF4B-00C04F79EFBC}") = "Tyuiu.KropchevSR.Sprint5.Task3.V21", "Tyuiu.KropchevSR.Sprint5.Task3.V21\Tyuiu.KropchevSR.Sprint5.Task3.V21.csproj", "{DF22712B-8F41-406F-90A2-5596842326DF}"
EndProject
Project("{FAE04EC0-301F-11D3-BF4B-00C04F79EFBC}") = "Tyuiu.KropchevSR.Sprint5.Task3.V21.Test", "Tyuiu.KropchevSR.Sprint5.Task3.V21.Test\Tyuiu.KropchevSR.Sprint5.Task3.V21.Test.csproj", "{A7BC1CE8-3407-4001-A1D2-95D6AA956EA3}"
EndProject
Project("{FAE04EC0-301F-11D3-BF4B-00C04F79EFBC}") = "Tyuiu.KropchevSR.Sprint5.Task3.V21.Lib", "Tyuiu.KropchevSR.Sprint5.Task3.V21.Lib\Tyuiu.KropchevSR.Sprint5.Task3.V21.Lib.csproj", "{96B4D0F2-6916-45AE-AEFC-103AA3239D2F}"
EndProject
Project("{2150E333-8FDC-42A3-9474-1A3956D46DE8}") = "Task4", "Task4", "{2AF634FF-9D6B-484D-B8C5-59A747592503}"
EndProject
Project("{FAE04EC0-301F-11D3-BF4B-00C04F79EFBC}") = "Tyuiu.KropchevSR.Sprint5.Task4.V6", "Tyuiu.KropchevSR.Sprint5.Task4.V6\Tyuiu.KropchevSR.Sprint5.Task4.V6.csproj", "{8EFC7D26-721D-4EBD-9AFE-E116A550503B}"
EndProject
Project("{FAE04EC0-301F-11D3-BF4B-00C04F79EFBC}") = "Tyuiu.KropchevSR.Sprint5.Task4.V6.Lib", "Tyuiu.KropchevSR.Sprint5.Task4.V6.Lib\Tyuiu.KropchevSR.Sprint5.Task4.V6.Lib.csproj", "{73FF0E1A-0D07-4587-9BA8-7736F95D0336}"
EndProject
Project("{FAE04EC0-301F-11D3-BF4B-00C04F79EFBC}") = "Tyuiu.KropchevSR.Sprint5.Task4.V6.Test", "Tyuiu.KropchevSR.Sprint5.Task4.V6.Test\Tyuiu.KropchevSR.Sprint5.Task4.V6.Test.csproj", "{63CA3149-5924-4E68-8F4A-ED4EAE1F6F49}"
EndProject
Project("{2150E333-8FDC-42A3-9474-1A3956D46DE8}") = "Task5", "Task5", "{7F1A8EE9-9B47-4FB6-AA75-5768D75DCEDD}"
EndProject
Project("{FAE04EC0-301F-11D3-BF4B-00C04F79EFBC}") = "Tyuiu.KropchevSR.Sprint5.Task5.V19.Test", "Tyuiu.KropchevSR.Sprint5.Task5.V19.Test\Tyuiu.KropchevSR.Sprint5.Task5.V19.Test.csproj", "{998553BE-6912-4DC3-8CCD-D449404AA3EB}"
EndProject
Project("{FAE04EC0-301F-11D3-BF4B-00C04F79EFBC}") = "Tyuiu.KropchevSR.Sprint5.Task5.V19.Lib", "Tyuiu.KropchevSR.Sprint5.Task5.V19.Lib\Tyuiu.KropchevSR.Sprint5.Task5.V19.Lib.csproj", "{206F9275-3B10-44CF-AA3C-738D527A4EB4}"
EndProject
Project("{FAE04EC0-301F-11D3-BF4B-00C04F79EFBC}") = "Tyuiu.KropchevSR.Sprint5.Task5.V19", "Tyuiu.KropchevSR.Sprint5.Task5.V19\Tyuiu.KropchevSR.Sprint5.Task5.V19.csproj", "{467443E8-EC4E-44F9-96A1-D73482E2F209}"
EndProject
Project("{2150E333-8FDC-42A3-9474-1A3956D46DE8}") = "Task6", "Task6", "{54434A10-02B1-4D0F-A3AF-58EBAEE86D0B}"
EndProject
Project("{FAE04EC0-301F-11D3-BF4B-00C04F79EFBC}") = "Tyuiu.KropchevSR.Sprint5.Task6.V13", "Tyuiu.KropchevSR.Sprint5.Task6.V13\Tyuiu.KropchevSR.Sprint5.Task6.V13.csproj", "{05D06C36-4124-4907-B4FD-C848AA728C1A}"
EndProject
Project("{FAE04EC0-301F-11D3-BF4B-00C04F79EFBC}") = "Tyuiu.KropchevSR.Sprint5.Task6.V13.Lib", "Tyuiu.KropchevSR.Sprint5.Task6.V13.Lib\Tyuiu.KropchevSR.Sprint5.Task6.V13.Lib.csproj", "{B7B2B727-2B6A-46CF-8BDD-55E064687AF4}"
EndProject
Project("{FAE04EC0-301F-11D3-BF4B-00C04F79EFBC}") = "Tyuiu.KropchevSR.Sprint5.Task6.V13.Test", "Tyuiu.KropchevSR.Sprint5.Task6.V13.Test\Tyuiu.KropchevSR.Sprint5.Task6.V13.Test.csproj", "{F4F5BB62-14F7-4A40-97BD-0CA07C0FC196}"
EndProject
Project("{2150E333-8FDC-42A3-9474-1A3956D46DE8}") = "Task7", "Task7", "{F0A1787A-6AC2-4A21-9C7C-080293489D64}"
EndProject
Project("{FAE04EC0-301F-11D3-BF4B-00C04F79EFBC}") = "Tyuiu.KropchevSR.Sprint5.Task7.V18", "Tyuiu.KropchevSR.Sprint5.Task7.V18\Tyuiu.KropchevSR.Sprint5.Task7.V18.csproj", "{60009288-CD9D-48E4-8C2D-AAFD91A9A6D0}"
EndProject
Project("{FAE04EC0-301F-11D3-BF4B-00C04F79EFBC}") = "Tyuiu.KropchevSR.Sprint5.Task7.V18.Lib", "Tyuiu.KropchevSR.Sprint5.Task7.V18.Lib\Tyuiu.KropchevSR.Sprint5.Task7.V18.Lib.csproj", "{953F4E76-B312-48A1-B4B6-8787D895EBD4}"
EndProject
Project("{FAE04EC0-301F-11D3-BF4B-00C04F79EFBC}") = "Tyuiu.KropchevSR.Sprint5.Task7.V18.Test", "Tyuiu.KropchevSR.Sprint5.Task7.V18.Test\Tyuiu.KropchevSR.Sprint5.Task7.V18.Test.csproj", "{B858E34A-0DB8-4C48-8A02-F7347B4A7FC6}"
EndProject
Global
	GlobalSection(SolutionConfigurationPlatforms) = preSolution
		Debug|Any CPU = Debug|Any CPU
		Release|Any CPU = Release|Any CPU
	EndGlobalSection
	GlobalSection(ProjectConfigurationPlatforms) = postSolution
		{5757F8AA-3A2D-44D0-9DB8-3C8AB5E9933F}.Debug|Any CPU.ActiveCfg = Debug|Any CPU
		{5757F8AA-3A2D-44D0-9DB8-3C8AB5E9933F}.Debug|Any CPU.Build.0 = Debug|Any CPU
		{5757F8AA-3A2D-44D0-9DB8-3C8AB5E9933F}.Release|Any CPU.ActiveCfg = Release|Any CPU
		{5757F8AA-3A2D-44D0-9DB8-3C8AB5E9933F}.Release|Any CPU.Build.0 = Release|Any CPU
		{8D07CBDF-C777-4969-8C6C-27AC265EBF2F}.Debug|Any CPU.ActiveCfg = Debug|Any CPU
		{8D07CBDF-C777-4969-8C6C-27AC265EBF2F}.Debug|Any CPU.Build.0 = Debug|Any CPU
		{8D07CBDF-C777-4969-8C6C-27AC265EBF2F}.Release|Any CPU.ActiveCfg = Release|Any CPU
		{8D07CBDF-C777-4969-8C6C-27AC265EBF2F}.Release|Any CPU.Build.0 = Release|Any CPU
		{9DE9A89C-FB0B-4D9D-A695-6D063927844C}.Debug|Any CPU.ActiveCfg = Debug|Any CPU
		{9DE9A89C-FB0B-4D9D-A695-6D063927844C}.Debug|Any CPU.Build.0 = Debug|Any CPU
		{9DE9A89C-FB0B-4D9D-A695-6D063927844C}.Release|Any CPU.ActiveCfg = Release|Any CPU
		{9DE9A89C-FB0B-4D9D-A695-6D063927844C}.Release|Any CPU.Build.0 = Release|Any CPU
		{4CA1495A-4C15-427B-9900-1B6A27A71854}.Debug|Any CPU.ActiveCfg = Debug|Any CPU
		{4CA1495A-4C15-427B-9900-1B6A27A71854}.Debug|Any CPU.Build.0 = Debug|Any CPU
		{4CA1495A-4C15-427B-9900-1B6A27A71854}.Release|Any CPU.ActiveCfg = Release|Any CPU
		{4CA1495A-4C15-427B-9900-1B6A27A71854}.Release|Any CPU.Build.0 = Release|Any CPU
		{F26DFD0F-8E32-4077-9E32-605FD05EE6D0}.Debug|Any CPU.ActiveCfg = Debug|Any CPU
		{F26DFD0F-8E32-4077-9E32-605FD05EE6D0}.Debug|Any CPU.Build.0 = Debug|Any CPU
		{F26DFD0F-8E32-4077-9E32-605FD05EE6D0}.Release|Any CPU.ActiveCfg = Release|Any CPU
		{F26DFD0F-8E32-4077-9E32-605FD05EE6D0}.Release|Any CPU.Build.0 = Release|Any CPU
		{BB84E5F3-E997-4BF4-B18C-A0B33192D439}.Debug|Any CPU.ActiveCfg = Debug|Any CPU
		{BB84E5F3-E997-4BF4-B18C-A0B33192D439}.Debug|Any CPU.Build.0 = Debug|Any CPU
		{BB84E5F3-E997-4BF4-B18C-A0B33192D439}.Release|Any CPU.ActiveCfg = Release|Any CPU
		{BB84E5F3-E997-4BF4-B18C-A0B33192D439}.Release|Any CPU.Build.0 = Release|Any CPU
		{D3B55338-77EE-4865-A671-5F864A7F826B}.Debug|Any CPU.ActiveCfg = Debug|Any CPU
		{D3B55338-77EE-4865-A671-5F864A7F826B}.Debug|Any CPU.Build.0 = Debug|Any CPU
		{D3B55338-77EE-4865-A671-5F864A7F826B}.Release|Any CPU.ActiveCfg = Release|Any CPU
		{D3B55338-77EE-4865-A671-5F864A7F826B}.Release|Any CPU.Build.0 = Release|Any CPU
		{F5728F8B-6D25-449F-8023-FE0E3AA64696}.Debug|Any CPU.ActiveCfg = Debug|Any CPU
		{F5728F8B-6D25-449F-8023-FE0E3AA64696}.Debug|Any CPU.Build.0 = Debug|Any CPU
		{F5728F8B-6D25-449F-8023-FE0E3AA64696}.Release|Any CPU.ActiveCfg = Release|Any CPU
		{F5728F8B-6D25-449F-8023-FE0E3AA64696}.Release|Any CPU.Build.0 = Release|Any CPU
		{015E76B2-6E2B-4F2D-984C-AF509E29DC2A}.Debug|Any CPU.ActiveCfg = Debug|Any CPU
		{015E76B2-6E2B-4F2D-984C-AF509E29DC2A}.Debug|Any CPU.Build.0 = Debug|Any CPU
		{015E76B2-6E2B-4F2D-984C-AF509E29DC2A}.Release|Any CPU.ActiveCfg = Release|Any CPU
		{015E76B2-6E2B-4F2D-984C-AF509E29DC2A}.Release|Any CPU.Build.0 = Release|Any CPU
		{DF22712B-8F41-406F-90A2-5596842326DF}.Debug|Any CPU.ActiveCfg = Debug|Any CPU
		{DF22712B-8F41-406F-90A2-5596842326DF}.Debug|Any CPU.Build.0 = Debug|Any CPU
		{DF22712B-8F41-406F-90A2-5596842326DF}.Release|Any CPU.ActiveCfg = Release|Any CPU
		{DF22712B-8F41-406F-90A2-5596842326DF}.Release|Any CPU.Build.0 = Release|Any CPU
		{A7BC1CE8-3407-4001-A1D2-95D6AA956EA3}.Debug|Any CPU.ActiveCfg = Debug|Any CPU
		{A7BC1CE8-3407-4001-A1D2-95D6AA956EA3}.Debug|Any CPU.Build.0 = Debug|Any CPU
		{A7BC1CE8-3407-4001-A1D2-95D6AA956EA3}.Release|Any CPU.ActiveCfg = Release|Any CPU
		{A7BC1CE8-3407-4001-A1D2-95D6AA956EA3}.Release|Any CPU.Build.0 = Release|Any CPU
		{96B4D0F2-6916-45AE-AEFC-103AA3239D2F}.Debug|Any CPU.ActiveCfg = Debug|Any CPU
		{96B4D0F2-6916-45AE-AEFC-103AA3239D2F}.Debug|Any CPU.Build.0 = Debug|Any CPU
		{96B4D0F2-6916-45AE-AEFC-103AA3239D2F}.Release|Any CPU.ActiveCfg = Release|Any CPU
		{96B4D0F2-6916-45AE-AEFC-103AA3239D2F}.Release|Any CPU.Build.0 = Release|Any CPU
		{8EFC7D26-721D-4EBD-9AFE-E116A550503B}.Debug|Any CPU.ActiveCfg = Debug|Any CPU
		{8EFC7D26-721D-4EBD-9AFE-E116A550503B}.Debug|Any CPU.Build.0 = Debug|Any CPU
		{8EFC7D26-721D-4EBD-9AFE-E116A550503B}.Release|Any CPU.ActiveCfg = Release|Any CPU
		{8EFC7D26-721D-4EBD-9AFE-E116A550503B}.Release|Any CPU.Build.0 = Release|Any CPU
		{73FF0E1A-0D07-4587-9BA8-7736F95D0336}.Debug|Any CPU.ActiveCfg = Debug|Any CPU
		{73FF0E1A-0D07-4587-9BA8-7736F95D0336}.Debug|Any CPU.Build.0 = Debug|Any CPU
		{73FF0E1A-0D07-4587-9BA8-7736F95D0336}.Release|Any CPU.ActiveCfg = Release|Any CPU
		{73FF0E1A-0D07-4587-9BA8-7736F95D0336}.Release|Any CPU.Build.0 = Release|Any CPU
		{63CA3149-5924-4E68-8F4A-ED4EAE1F6F49}.Debug|Any CPU.ActiveCfg = Debug|Any CPU
		{63CA3149-5924-4E68-8F4A-ED4EAE1F6F49}.Debug|Any CPU.Build.0 = Debug|Any CPU
		{63CA3149-5924-4E68-8F4A-ED4EAE1F6F49}.Release|Any CPU.ActiveCfg = Release|Any CPU
		{63CA3149-5924-4E68-8F4A-ED4EAE1F6F49}.Release|Any CPU.Build.0 = Release|Any CPU
		{998553BE-6912-4DC3-8CCD-D449404AA3EB}.Debug|Any CPU.ActiveCfg = Debug|Any CPU
		{998553BE-6912-4DC3-8CCD-D449404AA3EB}.Debug|Any CPU.Build.0 = Debug|Any CPU
		{998553BE-6912-4DC3-8CCD-D449404AA3EB}.Release|Any CPU.ActiveCfg = Release|Any CPU
		{998553BE-6912-4DC3-8CCD-D449404AA3EB}.Release|Any CPU.Build.0 = Release|Any CPU
		{206F9275-3B10-44CF-AA3C-738D527A4EB4}.Debug|Any CPU.ActiveCfg = Debug|Any CPU
		{206F9275-3B10-44CF-AA3C-738D527A4EB4}.Debug|Any CPU.Build.0 = Debug|Any CPU
		{206F9275-3B10-44CF-AA3C-738D527A4EB4}.Release|Any CPU.ActiveCfg = Release|Any CPU
		{206F9275-3B10-44CF-AA3C-738D527A4EB4}.Release|Any CPU.Build.0 = Release|Any CPU
		{467443E8-EC4E-44F9-96A1-D73482E2F209}.Debug|Any CPU.ActiveCfg = Debug|Any CPU
		{467443E8-EC4E-44F9-96A1-D73482E2F209}.Debug|Any CPU.Build.0 = Debug|Any CPU
		{467443E8-EC4E-44F9-96A1-D73482E2F209}.Release|Any CPU.ActiveCfg = Release|Any CPU
		{467443E8-EC4E-44F9-96A1-D73482E2F209}.Release|Any CPU.Build.0 = Release|Any CPU
		{05D06C36-4124-4907-B4FD-C848AA728C1A}.Debug|Any CPU.ActiveCfg = Debug|Any CPU
		{05D06C36-4124-4907-B4FD-C848AA728C1A}.Debug|Any CPU.Build.0 = Debug|Any CPU
		{05D06C36-4124-4907-B4FD-C848AA728C1A}.Release|Any CPU.ActiveCfg = Release|Any CPU
		{05D06C36-4124-4907-B4FD-C848AA728C1A}.Release|Any CPU.Build.0 = Release|Any CPU
		{B7B2B727-2B6A-46CF-8BDD-55E064687AF4}.Debug|Any CPU.ActiveCfg = Debug|Any CPU
		{B7B2B727-2B6A-46CF-8BDD-55E064687AF4}.Debug|Any CPU.Build.0 = Debug|Any CPU
		{B7B2B727-2B6A-46CF-8BDD-55E064687AF4}.Release|Any CPU.ActiveCfg = Release|Any CPU
		{B7B2B727-2B6A-46CF-8BDD-55E064687AF4}.Release|Any CPU.Build.0 = Release|Any CPU
		{F4F5BB62-14F7-4A40-97BD-0CA07C0FC196}.Debug|Any CPU.ActiveCfg = Debug|Any CPU
		{F4F5BB62-14F7-4A40-97BD-0CA07C0FC196}.Debug|Any CPU.Build.0 = Debug|Any CPU
		{F4F5BB62-14F7-4A40-97BD-0CA07C0FC196}.Release|Any CPU.ActiveCfg = Release|Any CPU
		{F4F5BB62-14F7-4A40-97BD-0CA07C0FC196}.Release|Any CPU.Build.0 = Release|Any CPU
		{60009288-CD9D-48E4-8C2D-AAFD91A9A6D0}.Debug|Any CPU.ActiveCfg = Debug|Any CPU
		{60009288-CD9D-48E4-8C2D-AAFD91A9A6D0}.Debug|Any CPU.Build.0 = Debug|Any CPU
		{60009288-CD9D-48E4-8C2D-AAFD91A9A6D0}.Release|Any CPU.ActiveCfg = Release|Any CPU
		{60009288-CD9D-48E4-8C2D-AAFD91A9A6D0}.Release|Any CPU.Build.0 = Release|Any CPU
		{953F4E76-B312-48A1-B4B6-8787D895EBD4}.Debug|Any CPU.ActiveCfg = Debug|Any CPU
		{953F4E76-B312-48A1-B4B6-8787D895EBD4}.Debug|Any CPU.Build.0 = Debug|Any CPU
		{953F4E76-B312-48A1-B4B6-8787D895EBD4}.Release|Any CPU.ActiveCfg = Release|Any CPU
		{953F4E76-B312-48A1-B4B6-8787D895EBD4}.Release|Any CPU.Build.0 = Release|Any CPU
		{B858E34A-0DB8-4C48-8A02-F7347B4A7FC6}.Debug|Any CPU.ActiveCfg = Debug|Any CPU
		{B858E34A-0DB8-4C48-8A02-F7347B4A7FC6}.Debug|Any CPU.Build.0 = Debug|Any CPU
		{B858E34A-0DB8-4C48-8A02-F7347B4A7FC6}.Release|Any CPU.ActiveCfg = Release|Any CPU
		{B858E34A-0DB8-4C48-8A02-F7347B4A7FC6}.Release|Any CPU.Build.0 = Release|Any CPU
	EndGlobalSection
	GlobalSection(SolutionProperties) = preSolution
		HideSolutionNode = FALSE
	EndGlobalSection
	GlobalSection(NestedProjects) = preSolution
		{5757F8AA-3A2D-44D0-9DB8-3C8AB5E9933F} = {6CEED7E0-9E2C-4D1D-845B-792D213398F6}
		{8D07CBDF-C777-4969-8C6C-27AC265EBF2F} = {6CEED7E0-9E2C-4D1D-845B-792D213398F6}
		{9DE9A89C-FB0B-4D9D-A695-6D063927844C} = {6CEED7E0-9E2C-4D1D-845B-792D213398F6}
		{4CA1495A-4C15-427B-9900-1B6A27A71854} = {D5AD5F11-7D94-4FF9-8C42-2FB7609FB868}
		{F26DFD0F-8E32-4077-9E32-605FD05EE6D0} = {D5AD5F11-7D94-4FF9-8C42-2FB7609FB868}
		{BB84E5F3-E997-4BF4-B18C-A0B33192D439} = {D5AD5F11-7D94-4FF9-8C42-2FB7609FB868}
		{D3B55338-77EE-4865-A671-5F864A7F826B} = {39DF14C8-F71C-470D-AD9A-AA10C8D4BA0E}
		{F5728F8B-6D25-449F-8023-FE0E3AA64696} = {39DF14C8-F71C-470D-AD9A-AA10C8D4BA0E}
		{015E76B2-6E2B-4F2D-984C-AF509E29DC2A} = {39DF14C8-F71C-470D-AD9A-AA10C8D4BA0E}
		{DF22712B-8F41-406F-90A2-5596842326DF} = {63625011-A983-4F88-9EC8-BCE44E2B5491}
		{A7BC1CE8-3407-4001-A1D2-95D6AA956EA3} = {63625011-A983-4F88-9EC8-BCE44E2B5491}
		{96B4D0F2-6916-45AE-AEFC-103AA3239D2F} = {63625011-A983-4F88-9EC8-BCE44E2B5491}
		{8EFC7D26-721D-4EBD-9AFE-E116A550503B} = {2AF634FF-9D6B-484D-B8C5-59A747592503}
		{73FF0E1A-0D07-4587-9BA8-7736F95D0336} = {2AF634FF-9D6B-484D-B8C5-59A747592503}
		{63CA3149-5924-4E68-8F4A-ED4EAE1F6F49} = {2AF634FF-9D6B-484D-B8C5-59A747592503}
		{998553BE-6912-4DC3-8CCD-D449404AA3EB} = {7F1A8EE9-9B47-4FB6-AA75-5768D75DCEDD}
		{206F9275-3B10-44CF-AA3C-738D527A4EB4} = {7F1A8EE9-9B47-4FB6-AA75-5768D75DCEDD}
		{467443E8-EC4E-44F9-96A1-D73482E2F209} = {7F1A8EE9-9B47-4FB6-AA75-5768D75DCEDD}
		{05D06C36-4124-4907-B4FD-C848AA728C1A} = {54434A10-02B1-4D0F-A3AF-58EBAEE86D0B}
		{B7B2B727-2B6A-46CF-8BDD-55E064687AF4} = {54434A10-02B1-4D0F-A3AF-58EBAEE86D0B}
		{F4F5BB62-14F7-4A40-97BD-0CA07C0FC196} = {54434A10-02B1-4D0F-A3AF-58EBAEE86D0B}
		{60009288-CD9D-48E4-8C2D-AAFD91A9A6D0} = {F0A1787A-6AC2-4A21-9C7C-080293489D64}
		{953F4E76-B312-48A1-B4B6-8787D895EBD4} = {F0A1787A-6AC2-4A21-9C7C-080293489D64}
		{B858E34A-0DB8-4C48-8A02-F7347B4A7FC6} = {F0A1787A-6AC2-4A21-9C7C-080293489D64}
	EndGlobalSection
	GlobalSection(ExtensibilityGlobals) = postSolution
		SolutionGuid = {CDD31580-FC67-462F-9085-681A19427DB5}
	EndGlobalSection
EndGlobal
